
Microsoft Visual Studio Solution File, Format Version 12.00
# Visual Studio 15
VisualStudioVersion = 15.0.26124.0
MinimumVisualStudioVersion = 15.0.26124.0
Project("{2150E333-8FDC-42A3-9474-1A3956D46DE8}") = "src", "src", "{3FE17CB9-E5B0-4C26-9CBB-47209123F0DB}"
EndProject
Project("{2150E333-8FDC-42A3-9474-1A3956D46DE8}") = "tst", "tst", "{75ACBFD6-B891-42DC-B41D-221B2E014FC9}"
EndProject
Project("{9A19103F-16F7-4668-BE54-9A1E7A4F7556}") = "PlanningPoker.TerminalClient", "src\PlanningPoker.TerminalClient\PlanningPoker.TerminalClient.csproj", "{E5099FFF-693C-4043-B36B-F6B05460A35B}"
EndProject
Project("{9A19103F-16F7-4668-BE54-9A1E7A4F7556}") = "PlanningPoker.TerminalClient.Tests", "tst\PlanningPoker.TerminalClient.Tests\PlanningPoker.TerminalClient.Tests.csproj", "{5D9AAA43-00C8-418B-AB2D-F96BBE1C01BF}"
EndProject
Global
	GlobalSection(SolutionConfigurationPlatforms) = preSolution
		Debug|Any CPU = Debug|Any CPU
		Debug|x64 = Debug|x64
		Debug|x86 = Debug|x86
		Release|Any CPU = Release|Any CPU
		Release|x64 = Release|x64
		Release|x86 = Release|x86
	EndGlobalSection
	GlobalSection(ProjectConfigurationPlatforms) = postSolution
		{E5099FFF-693C-4043-B36B-F6B05460A35B}.Debug|Any CPU.ActiveCfg = Debug|Any CPU
		{E5099FFF-693C-4043-B36B-F6B05460A35B}.Debug|Any CPU.Build.0 = Debug|Any CPU
		{E5099FFF-693C-4043-B36B-F6B05460A35B}.Debug|x64.ActiveCfg = Debug|Any CPU
		{E5099FFF-693C-4043-B36B-F6B05460A35B}.Debug|x64.Build.0 = Debug|Any CPU
		{E5099FFF-693C-4043-B36B-F6B05460A35B}.Debug|x86.ActiveCfg = Debug|Any CPU
		{E5099FFF-693C-4043-B36B-F6B05460A35B}.Debug|x86.Build.0 = Debug|Any CPU
		{E5099FFF-693C-4043-B36B-F6B05460A35B}.Release|Any CPU.ActiveCfg = Release|Any CPU
		{E5099FFF-693C-4043-B36B-F6B05460A35B}.Release|Any CPU.Build.0 = Release|Any CPU
		{E5099FFF-693C-4043-B36B-F6B05460A35B}.Release|x64.ActiveCfg = Release|Any CPU
		{E5099FFF-693C-4043-B36B-F6B05460A35B}.Release|x64.Build.0 = Release|Any CPU
		{E5099FFF-693C-4043-B36B-F6B05460A35B}.Release|x86.ActiveCfg = Release|Any CPU
		{E5099FFF-693C-4043-B36B-F6B05460A35B}.Release|x86.Build.0 = Release|Any CPU
		{5D9AAA43-00C8-418B-AB2D-F96BBE1C01BF}.Debug|Any CPU.ActiveCfg = Debug|Any CPU
		{5D9AAA43-00C8-418B-AB2D-F96BBE1C01BF}.Debug|Any CPU.Build.0 = Debug|Any CPU
		{5D9AAA43-00C8-418B-AB2D-F96BBE1C01BF}.Debug|x64.ActiveCfg = Debug|Any CPU
		{5D9AAA43-00C8-418B-AB2D-F96BBE1C01BF}.Debug|x64.Build.0 = Debug|Any CPU
		{5D9AAA43-00C8-418B-AB2D-F96BBE1C01BF}.Debug|x86.ActiveCfg = Debug|Any CPU
		{5D9AAA43-00C8-418B-AB2D-F96BBE1C01BF}.Debug|x86.Build.0 = Debug|Any CPU
		{5D9AAA43-00C8-418B-AB2D-F96BBE1C01BF}.Release|Any CPU.ActiveCfg = Release|Any CPU
		{5D9AAA43-00C8-418B-AB2D-F96BBE1C01BF}.Release|Any CPU.Build.0 = Release|Any CPU
		{5D9AAA43-00C8-418B-AB2D-F96BBE1C01BF}.Release|x64.ActiveCfg = Release|Any CPU
		{5D9AAA43-00C8-418B-AB2D-F96BBE1C01BF}.Release|x64.Build.0 = Release|Any CPU
		{5D9AAA43-00C8-418B-AB2D-F96BBE1C01BF}.Release|x86.ActiveCfg = Release|Any CPU
		{5D9AAA43-00C8-418B-AB2D-F96BBE1C01BF}.Release|x86.Build.0 = Release|Any CPU
	EndGlobalSection
	GlobalSection(SolutionProperties) = preSolution
		HideSolutionNode = FALSE
	EndGlobalSection
	GlobalSection(NestedProjects) = preSolution
		{E5099FFF-693C-4043-B36B-F6B05460A35B} = {3FE17CB9-E5B0-4C26-9CBB-47209123F0DB}
		{5D9AAA43-00C8-418B-AB2D-F96BBE1C01BF} = {75ACBFD6-B891-42DC-B41D-221B2E014FC9}
	EndGlobalSection
	GlobalSection(ExtensibilityGlobals) = postSolution
		SolutionGuid = {6EB3365D-FC90-4131-B28E-CEF787AA36B2}
	EndGlobalSection
EndGlobal
